// !$*UTF8*$!
{
	archiveVersion = 1;
	classes = {
	};
	objectVersion = 50;
	objects = {

/* Begin PBXBuildFile section */
		6145A72F2799EAD7007AD257 /* AppDelegate.swift in Sources */ = {isa = PBXBuildFile; fileRef = 6145A72E2799EAD7007AD257 /* AppDelegate.swift */; };
		6145A7312799EAD7007AD257 /* SceneDelegate.swift in Sources */ = {isa = PBXBuildFile; fileRef = 6145A7302799EAD7007AD257 /* SceneDelegate.swift */; };
		6145A7332799EAD7007AD257 /* ViewController.swift in Sources */ = {isa = PBXBuildFile; fileRef = 6145A7322799EAD7007AD257 /* ViewController.swift */; };
		6145A7362799EAD7007AD257 /* Main.storyboard in Resources */ = {isa = PBXBuildFile; fileRef = 6145A7342799EAD7007AD257 /* Main.storyboard */; };
		6145A7382799EADA007AD257 /* Assets.xcassets in Resources */ = {isa = PBXBuildFile; fileRef = 6145A7372799EADA007AD257 /* Assets.xcassets */; };
		6145A73B2799EADA007AD257 /* LaunchScreen.storyboard in Resources */ = {isa = PBXBuildFile; fileRef = 6145A7392799EADA007AD257 /* LaunchScreen.storyboard */; };
		6145A7462799EADA007AD257 /* PreworkTests.swift in Sources */ = {isa = PBXBuildFile; fileRef = 6145A7452799EADA007AD257 /* PreworkTests.swift */; };
		6145A7512799EADA007AD257 /* PreworkUITests.swift in Sources */ = {isa = PBXBuildFile; fileRef = 6145A7502799EADA007AD257 /* PreworkUITests.swift */; };
		6145A75F279A1B61007AD257 /* SettingsViewController.swift in Sources */ = {isa = PBXBuildFile; fileRef = 6145A75E279A1B61007AD257 /* SettingsViewController.swift */; };
/* End PBXBuildFile section */

/* Begin PBXContainerItemProxy section */
		6145A7422799EADA007AD257 /* PBXContainerItemProxy */ = {
			isa = PBXContainerItemProxy;
			containerPortal = 6145A7232799EAD7007AD257 /* Project object */;
			proxyType = 1;
			remoteGlobalIDString = 6145A72A2799EAD7007AD257;
			remoteInfo = Prework;
		};
		6145A74D2799EADA007AD257 /* PBXContainerItemProxy */ = {
			isa = PBXContainerItemProxy;
			containerPortal = 6145A7232799EAD7007AD257 /* Project object */;
			proxyType = 1;
			remoteGlobalIDString = 6145A72A2799EAD7007AD257;
			remoteInfo = Prework;
		};
/* End PBXContainerItemProxy section */

/* Begin PBXFileReference section */
		6145A72B2799EAD7007AD257 /* Prework.app */ = {isa = PBXFileReference; explicitFileType = wrapper.application; includeInIndex = 0; path = Prework.app; sourceTree = BUILT_PRODUCTS_DIR; };
		6145A72E2799EAD7007AD257 /* AppDelegate.swift */ = {isa = PBXFileReference; lastKnownFileType = sourcecode.swift; path = AppDelegate.swift; sourceTree = "<group>"; };
		6145A7302799EAD7007AD257 /* SceneDelegate.swift */ = {isa = PBXFileReference; lastKnownFileType = sourcecode.swift; path = SceneDelegate.swift; sourceTree = "<group>"; };
		6145A7322799EAD7007AD257 /* ViewController.swift */ = {isa = PBXFileReference; lastKnownFileType = sourcecode.swift; path = ViewController.swift; sourceTree = "<group>"; };
		6145A7352799EAD7007AD257 /* Base */ = {isa = PBXFileReference; lastKnownFileType = file.storyboard; name = Base; path = Base.lproj/Main.storyboard; sourceTree = "<group>"; };
		6145A7372799EADA007AD257 /* Assets.xcassets */ = {isa = PBXFileReference; lastKnownFileType = folder.assetcatalog; path = Assets.xcassets; sourceTree = "<group>"; };
		6145A73A2799EADA007AD257 /* Base */ = {isa = PBXFileReference; lastKnownFileType = file.storyboard; name = Base; path = Base.lproj/LaunchScreen.storyboard; sourceTree = "<group>"; };
		6145A73C2799EADA007AD257 /* Info.plist */ = {isa = PBXFileReference; lastKnownFileType = text.plist.xml; path = Info.plist; sourceTree = "<group>"; };
		6145A7412799EADA007AD257 /* PreworkTests.xctest */ = {isa = PBXFileReference; explicitFileType = wrapper.cfbundle; includeInIndex = 0; path = PreworkTests.xctest; sourceTree = BUILT_PRODUCTS_DIR; };
		6145A7452799EADA007AD257 /* PreworkTests.swift */ = {isa = PBXFileReference; lastKnownFileType = sourcecode.swift; path = PreworkTests.swift; sourceTree = "<group>"; };
		6145A7472799EADA007AD257 /* Info.plist */ = {isa = PBXFileReference; lastKnownFileType = text.plist.xml; path = Info.plist; sourceTree = "<group>"; };
		6145A74C2799EADA007AD257 /* PreworkUITests.xctest */ = {isa = PBXFileReference; explicitFileType = wrapper.cfbundle; includeInIndex = 0; path = PreworkUITests.xctest; sourceTree = BUILT_PRODUCTS_DIR; };
		6145A7502799EADA007AD257 /* PreworkUITests.swift */ = {isa = PBXFileReference; lastKnownFileType = sourcecode.swift; path = PreworkUITests.swift; sourceTree = "<group>"; };
		6145A7522799EADA007AD257 /* Info.plist */ = {isa = PBXFileReference; lastKnownFileType = text.plist.xml; path = Info.plist; sourceTree = "<group>"; };
		6145A75E279A1B61007AD257 /* SettingsViewController.swift */ = {isa = PBXFileReference; lastKnownFileType = sourcecode.swift; path = SettingsViewController.swift; sourceTree = "<group>"; };
/* End PBXFileReference section */

/* Begin PBXFrameworksBuildPhase section */
		6145A7282799EAD7007AD257 /* Frameworks */ = {
			isa = PBXFrameworksBuildPhase;
			buildActionMask = 2147483647;
			files = (
			);
			runOnlyForDeploymentPostprocessing = 0;
		};
		6145A73E2799EADA007AD257 /* Frameworks */ = {
			isa = PBXFrameworksBuildPhase;
			buildActionMask = 2147483647;
			files = (
			);
			runOnlyForDeploymentPostprocessing = 0;
		};
		6145A7492799EADA007AD257 /* Frameworks */ = {
			isa = PBXFrameworksBuildPhase;
			buildActionMask = 2147483647;
			files = (
			);
			runOnlyForDeploymentPostprocessing = 0;
		};
/* End PBXFrameworksBuildPhase section */

/* Begin PBXGroup section */
		6145A7222799EAD7007AD257 = {
			isa = PBXGroup;
			children = (
				6145A75E279A1B61007AD257 /* SettingsViewController.swift */,
				6145A72D2799EAD7007AD257 /* Prework */,
				6145A7442799EADA007AD257 /* PreworkTests */,
				6145A74F2799EADA007AD257 /* PreworkUITests */,
				6145A72C2799EAD7007AD257 /* Products */,
			);
			sourceTree = "<group>";
		};
		6145A72C2799EAD7007AD257 /* Products */ = {
			isa = PBXGroup;
			children = (
				6145A72B2799EAD7007AD257 /* Prework.app */,
				6145A7412799EADA007AD257 /* PreworkTests.xctest */,
				6145A74C2799EADA007AD257 /* PreworkUITests.xctest */,
			);
			name = Products;
			sourceTree = "<group>";
		};
		6145A72D2799EAD7007AD257 /* Prework */ = {
			isa = PBXGroup;
			children = (
				6145A72E2799EAD7007AD257 /* AppDelegate.swift */,
				6145A7302799EAD7007AD257 /* SceneDelegate.swift */,
				6145A7322799EAD7007AD257 /* ViewController.swift */,
				6145A7342799EAD7007AD257 /* Main.storyboard */,
				6145A7372799EADA007AD257 /* Assets.xcassets */,
				6145A7392799EADA007AD257 /* LaunchScreen.storyboard */,
				6145A73C2799EADA007AD257 /* Info.plist */,
			);
			path = Prework;
			sourceTree = "<group>";
		};
		6145A7442799EADA007AD257 /* PreworkTests */ = {
			isa = PBXGroup;
			children = (
				6145A7452799EADA007AD257 /* PreworkTests.swift */,
				6145A7472799EADA007AD257 /* Info.plist */,
			);
			path = PreworkTests;
			sourceTree = "<group>";
		};
		6145A74F2799EADA007AD257 /* PreworkUITests */ = {
			isa = PBXGroup;
			children = (
				6145A7502799EADA007AD257 /* PreworkUITests.swift */,
				6145A7522799EADA007AD257 /* Info.plist */,
			);
			path = PreworkUITests;
			sourceTree = "<group>";
		};
/* End PBXGroup section */

/* Begin PBXNativeTarget section */
		6145A72A2799EAD7007AD257 /* Prework */ = {
			isa = PBXNativeTarget;
			buildConfigurationList = 6145A7552799EADB007AD257 /* Build configuration list for PBXNativeTarget "Prework" */;
			buildPhases = (
				6145A7272799EAD7007AD257 /* Sources */,
				6145A7282799EAD7007AD257 /* Frameworks */,
				6145A7292799EAD7007AD257 /* Resources */,
			);
			buildRules = (
			);
			dependencies = (
			);
			name = Prework;
			productName = Prework;
			productReference = 6145A72B2799EAD7007AD257 /* Prework.app */;
			productType = "com.apple.product-type.application";
		};
		6145A7402799EADA007AD257 /* PreworkTests */ = {
			isa = PBXNativeTarget;
			buildConfigurationList = 6145A7582799EADB007AD257 /* Build configuration list for PBXNativeTarget "PreworkTests" */;
			buildPhases = (
				6145A73D2799EADA007AD257 /* Sources */,
				6145A73E2799EADA007AD257 /* Frameworks */,
				6145A73F2799EADA007AD257 /* Resources */,
			);
			buildRules = (
			);
			dependencies = (
				6145A7432799EADA007AD257 /* PBXTargetDependency */,
			);
			name = PreworkTests;
			productName = PreworkTests;
			productReference = 6145A7412799EADA007AD257 /* PreworkTests.xctest */;
			productType = "com.apple.product-type.bundle.unit-test";
		};
		6145A74B2799EADA007AD257 /* PreworkUITests */ = {
			isa = PBXNativeTarget;
			buildConfigurationList = 6145A75B2799EADB007AD257 /* Build configuration list for PBXNativeTarget "PreworkUITests" */;
			buildPhases = (
				6145A7482799EADA007AD257 /* Sources */,
				6145A7492799EADA007AD257 /* Frameworks */,
				6145A74A2799EADA007AD257 /* Resources */,
			);
			buildRules = (
			);
			dependencies = (
				6145A74E2799EADA007AD257 /* PBXTargetDependency */,
			);
			name = PreworkUITests;
			productName = PreworkUITests;
			productReference = 6145A74C2799EADA007AD257 /* PreworkUITests.xctest */;
			productType = "com.apple.product-type.bundle.ui-testing";
		};
/* End PBXNativeTarget section */

/* Begin PBXProject section */
		6145A7232799EAD7007AD257 /* Project object */ = {
			isa = PBXProject;
			attributes = {
				LastSwiftUpdateCheck = 1250;
				LastUpgradeCheck = 1250;
				TargetAttributes = {
					6145A72A2799EAD7007AD257 = {
						CreatedOnToolsVersion = 12.5.1;
					};
					6145A7402799EADA007AD257 = {
						CreatedOnToolsVersion = 12.5.1;
						TestTargetID = 6145A72A2799EAD7007AD257;
					};
					6145A74B2799EADA007AD257 = {
						CreatedOnToolsVersion = 12.5.1;
						TestTargetID = 6145A72A2799EAD7007AD257;
					};
				};
			};
			buildConfigurationList = 6145A7262799EAD7007AD257 /* Build configuration list for PBXProject "Prework" */;
			compatibilityVersion = "Xcode 9.3";
			developmentRegion = en;
			hasScannedForEncodings = 0;
			knownRegions = (
				en,
				Base,
			);
			mainGroup = 6145A7222799EAD7007AD257;
			productRefGroup = 6145A72C2799EAD7007AD257 /* Products */;
			projectDirPath = "";
			projectRoot = "";
			targets = (
				6145A72A2799EAD7007AD257 /* Prework */,
				6145A7402799EADA007AD257 /* PreworkTests */,
				6145A74B2799EADA007AD257 /* PreworkUITests */,
			);
		};
/* End PBXProject section */

/* Begin PBXResourcesBuildPhase section */
		6145A7292799EAD7007AD257 /* Resources */ = {
			isa = PBXResourcesBuildPhase;
			buildActionMask = 2147483647;
			files = (
				6145A73B2799EADA007AD257 /* LaunchScreen.storyboard in Resources */,
				6145A7382799EADA007AD257 /* Assets.xcassets in Resources */,
				6145A7362799EAD7007AD257 /* Main.storyboard in Resources */,
			);
			runOnlyForDeploymentPostprocessing = 0;
		};
		6145A73F2799EADA007AD257 /* Resources */ = {
			isa = PBXResourcesBuildPhase;
			buildActionMask = 2147483647;
			files = (
			);
			runOnlyForDeploymentPostprocessing = 0;
		};
		6145A74A2799EADA007AD257 /* Resources */ = {
			isa = PBXResourcesBuildPhase;
			buildActionMask = 2147483647;
			files = (
			);
			runOnlyForDeploymentPostprocessing = 0;
		};
/* End PBXResourcesBuildPhase section */

/* Begin PBXSourcesBuildPhase section */
		6145A7272799EAD7007AD257 /* Sources */ = {
			isa = PBXSourcesBuildPhase;
			buildActionMask = 2147483647;
			files = (
				6145A7332799EAD7007AD257 /* ViewController.swift in Sources */,
				6145A72F2799EAD7007AD257 /* AppDelegate.swift in Sources */,
				6145A7312799EAD7007AD257 /* SceneDelegate.swift in Sources */,
				6145A75F279A1B61007AD257 /* SettingsViewController.swift in Sources */,
			);
			runOnlyForDeploymentPostprocessing = 0;
		};
		6145A73D2799EADA007AD257 /* Sources */ = {
			isa = PBXSourcesBuildPhase;
			buildActionMask = 2147483647;
			files = (
				6145A7462799EADA007AD257 /* PreworkTests.swift in Sources */,
			);
			runOnlyForDeploymentPostprocessing = 0;
		};
		6145A7482799EADA007AD257 /* Sources */ = {
			isa = PBXSourcesBuildPhase;
			buildActionMask = 2147483647;
			files = (
				6145A7512799EADA007AD257 /* PreworkUITests.swift in Sources */,
			);
			runOnlyForDeploymentPostprocessing = 0;
		};
/* End PBXSourcesBuildPhase section */

/* Begin PBXTargetDependency section */
		6145A7432799EADA007AD257 /* PBXTargetDependency */ = {
			isa = PBXTargetDependency;
			target = 6145A72A2799EAD7007AD257 /* Prework */;
			targetProxy = 6145A7422799EADA007AD257 /* PBXContainerItemProxy */;
		};
		6145A74E2799EADA007AD257 /* PBXTargetDependency */ = {
			isa = PBXTargetDependency;
			target = 6145A72A2799EAD7007AD257 /* Prework */;
			targetProxy = 6145A74D2799EADA007AD257 /* PBXContainerItemProxy */;
		};
/* End PBXTargetDependency section */

/* Begin PBXVariantGroup section */
		6145A7342799EAD7007AD257 /* Main.storyboard */ = {
			isa = PBXVariantGroup;
			children = (
				6145A7352799EAD7007AD257 /* Base */,
			);
			name = Main.storyboard;
			sourceTree = "<group>";
		};
		6145A7392799EADA007AD257 /* LaunchScreen.storyboard */ = {
			isa = PBXVariantGroup;
			children = (
				6145A73A2799EADA007AD257 /* Base */,
			);
			name = LaunchScreen.storyboard;
			sourceTree = "<group>";
		};
/* End PBXVariantGroup section */

/* Begin XCBuildConfiguration section */
		6145A7532799EADB007AD257 /* Debug */ = {
			isa = XCBuildConfiguration;
			buildSettings = {
				ALWAYS_SEARCH_USER_PATHS = NO;
				CLANG_ANALYZER_NONNULL = YES;
				CLANG_ANALYZER_NUMBER_OBJECT_CONVERSION = YES_AGGRESSIVE;
				CLANG_CXX_LANGUAGE_STANDARD = "gnu++14";
				CLANG_CXX_LIBRARY = "libc++";
				CLANG_ENABLE_MODULES = YES;
				CLANG_ENABLE_OBJC_ARC = YES;
				CLANG_ENABLE_OBJC_WEAK = YES;
				CLANG_WARN_BLOCK_CAPTURE_AUTORELEASING = YES;
				CLANG_WARN_BOOL_CONVERSION = YES;
				CLANG_WARN_COMMA = YES;
				CLANG_WARN_CONSTANT_CONVERSION = YES;
				CLANG_WARN_DEPRECATED_OBJC_IMPLEMENTATIONS = YES;
				CLANG_WARN_DIRECT_OBJC_ISA_USAGE = YES_ERROR;
				CLANG_WARN_DOCUMENTATION_COMMENTS = YES;
				CLANG_WARN_EMPTY_BODY = YES;
				CLANG_WARN_ENUM_CONVERSION = YES;
				CLANG_WARN_INFINITE_RECURSION = YES;
				CLANG_WARN_INT_CONVERSION = YES;
				CLANG_WARN_NON_LITERAL_NULL_CONVERSION = YES;
				CLANG_WARN_OBJC_IMPLICIT_RETAIN_SELF = YES;
				CLANG_WARN_OBJC_LITERAL_CONVERSION = YES;
				CLANG_WARN_OBJC_ROOT_CLASS = YES_ERROR;
				CLANG_WARN_QUOTED_INCLUDE_IN_FRAMEWORK_HEADER = YES;
				CLANG_WARN_RANGE_LOOP_ANALYSIS = YES;
				CLANG_WARN_STRICT_PROTOTYPES = YES;
				CLANG_WARN_SUSPICIOUS_MOVE = YES;
				CLANG_WARN_UNGUARDED_AVAILABILITY = YES_AGGRESSIVE;
				CLANG_WARN_UNREACHABLE_CODE = YES;
				CLANG_WARN__DUPLICATE_METHOD_MATCH = YES;
				COPY_PHASE_STRIP = NO;
				DEBUG_INFORMATION_FORMAT = dwarf;
				ENABLE_STRICT_OBJC_MSGSEND = YES;
				ENABLE_TESTABILITY = YES;
				GCC_C_LANGUAGE_STANDARD = gnu11;
				GCC_DYNAMIC_NO_PIC = NO;
				GCC_NO_COMMON_BLOCKS = YES;
				GCC_OPTIMIZATION_LEVEL = 0;
				GCC_PREPROCESSOR_DEFINITIONS = (
					"DEBUG=1",
					"$(inherited)",
				);
				GCC_WARN_64_TO_32_BIT_CONVERSION = YES;
				GCC_WARN_ABOUT_RETURN_TYPE = YES_ERROR;
				GCC_WARN_UNDECLARED_SELECTOR = YES;
				GCC_WARN_UNINITIALIZED_AUTOS = YES_AGGRESSIVE;
				GCC_WARN_UNUSED_FUNCTION = YES;
				GCC_WARN_UNUSED_VARIABLE = YES;
				IPHONEOS_DEPLOYMENT_TARGET = 14.5;
				MTL_ENABLE_DEBUG_INFO = INCLUDE_SOURCE;
				MTL_FAST_MATH = YES;
				ONLY_ACTIVE_ARCH = YES;
				SDKROOT = iphoneos;
				SWIFT_ACTIVE_COMPILATION_CONDITIONS = DEBUG;
				SWIFT_OPTIMIZATION_LEVEL = "-Onone";
			};
			name = Debug;
		};
		6145A7542799EADB007AD257 /* Release */ = {
			isa = XCBuildConfiguration;
			buildSettings = {
				ALWAYS_SEARCH_USER_PATHS = NO;
				CLANG_ANALYZER_NONNULL = YES;
				CLANG_ANALYZER_NUMBER_OBJECT_CONVERSION = YES_AGGRESSIVE;
				CLANG_CXX_LANGUAGE_STANDARD = "gnu++14";
				CLANG_CXX_LIBRARY = "libc++";
				CLANG_ENABLE_MODULES = YES;
				CLANG_ENABLE_OBJC_ARC = YES;
				CLANG_ENABLE_OBJC_WEAK = YES;
				CLANG_WARN_BLOCK_CAPTURE_AUTORELEASING = YES;
				CLANG_WARN_BOOL_CONVERSION = YES;
				CLANG_WARN_COMMA = YES;
				CLANG_WARN_CONSTANT_CONVERSION = YES;
				CLANG_WARN_DEPRECATED_OBJC_IMPLEMENTATIONS = YES;
				CLANG_WARN_DIRECT_OBJC_ISA_USAGE = YES_ERROR;
				CLANG_WARN_DOCUMENTATION_COMMENTS = YES;
				CLANG_WARN_EMPTY_BODY = YES;
				CLANG_WARN_ENUM_CONVERSION = YES;
				CLANG_WARN_INFINITE_RECURSION = YES;
				CLANG_WARN_INT_CONVERSION = YES;
				CLANG_WARN_NON_LITERAL_NULL_CONVERSION = YES;
				CLANG_WARN_OBJC_IMPLICIT_RETAIN_SELF = YES;
				CLANG_WARN_OBJC_LITERAL_CONVERSION = YES;
				CLANG_WARN_OBJC_ROOT_CLASS = YES_ERROR;
				CLANG_WARN_QUOTED_INCLUDE_IN_FRAMEWORK_HEADER = YES;
				CLANG_WARN_RANGE_LOOP_ANALYSIS = YES;
				CLANG_WARN_STRICT_PROTOTYPES = YES;
				CLANG_WARN_SUSPICIOUS_MOVE = YES;
				CLANG_WARN_UNGUARDED_AVAILABILITY = YES_AGGRESSIVE;
				CLANG_WARN_UNREACHABLE_CODE = YES;
				CLANG_WARN__DUPLICATE_METHOD_MATCH = YES;
				COPY_PHASE_STRIP = NO;
				DEBUG_INFORMATION_FORMAT = "dwarf-with-dsym";
				ENABLE_NS_ASSERTIONS = NO;
				ENABLE_STRICT_OBJC_MSGSEND = YES;
				GCC_C_LANGUAGE_STANDARD = gnu11;
				GCC_NO_COMMON_BLOCKS = YES;
				GCC_WARN_64_TO_32_BIT_CONVERSION = YES;
				GCC_WARN_ABOUT_RETURN_TYPE = YES_ERROR;
				GCC_WARN_UNDECLARED_SELECTOR = YES;
				GCC_WARN_UNINITIALIZED_AUTOS = YES_AGGRESSIVE;
				GCC_WARN_UNUSED_FUNCTION = YES;
				GCC_WARN_UNUSED_VARIABLE = YES;
				IPHONEOS_DEPLOYMENT_TARGET = 14.5;
				MTL_ENABLE_DEBUG_INFO = NO;
				MTL_FAST_MATH = YES;
				SDKROOT = iphoneos;
				SWIFT_COMPILATION_MODE = wholemodule;
				SWIFT_OPTIMIZATION_LEVEL = "-O";
				VALIDATE_PRODUCT = YES;
			};
			name = Release;
		};
		6145A7562799EADB007AD257 /* Debug */ = {
			isa = XCBuildConfiguration;
			buildSettings = {
				ASSETCATALOG_COMPILER_APPICON_NAME = AppIcon;
				ASSETCATALOG_COMPILER_GLOBAL_ACCENT_COLOR_NAME = AccentColor;
				CODE_SIGN_STYLE = Automatic;
				INFOPLIST_FILE = Prework/Info.plist;
				LD_RUNPATH_SEARCH_PATHS = (
					"$(inherited)",
					"@executable_path/Frameworks",
				);
				PRODUCT_BUNDLE_IDENTIFIER = memo.com.Prework;
				PRODUCT_NAME = "$(TARGET_NAME)";
				SWIFT_VERSION = 5.0;
				TARGETED_DEVICE_FAMILY = "1,2";
			};
			name = Debug;
		};
		6145A7572799EADB007AD257 /* Release */ = {
			isa = XCBuildConfiguration;
			buildSettings = {
				ASSETCATALOG_COMPILER_APPICON_NAME = AppIcon;
				ASSETCATALOG_COMPILER_GLOBAL_ACCENT_COLOR_NAME = AccentColor;
				CODE_SIGN_STYLE = Automatic;
				INFOPLIST_FILE = Prework/Info.plist;
				LD_RUNPATH_SEARCH_PATHS = (
					"$(inherited)",
					"@executable_path/Frameworks",
				);
				PRODUCT_BUNDLE_IDENTIFIER = memo.com.Prework;
				PRODUCT_NAME = "$(TARGET_NAME)";
				SWIFT_VERSION = 5.0;
				TARGETED_DEVICE_FAMILY = "1,2";
			};
			name = Release;
		};
		6145A7592799EADB007AD257 /* Debug */ = {
			isa = XCBuildConfiguration;
			buildSettings = {
				ALWAYS_EMBED_SWIFT_STANDARD_LIBRARIES = YES;
				BUNDLE_LOADER = "$(TEST_HOST)";
				CODE_SIGN_STYLE = Automatic;
				INFOPLIST_FILE = PreworkTests/Info.plist;
				IPHONEOS_DEPLOYMENT_TARGET = 14.5;
				LD_RUNPATH_SEARCH_PATHS = (
					"$(inherited)",
					"@executable_path/Frameworks",
					"@loader_path/Frameworks",
				);
				PRODUCT_BUNDLE_IDENTIFIER = memo.com.PreworkTests;
				PRODUCT_NAME = "$(TARGET_NAME)";
				SWIFT_VERSION = 5.0;
				TARGETED_DEVICE_FAMILY = "1,2";
				TEST_HOST = "$(BUILT_PRODUCTS_DIR)/Prework.app/Prework";
			};
			name = Debug;
		};
		6145A75A2799EADB007AD257 /* Release */ = {
			isa = XCBuildConfiguration;
			buildSettings = {
				ALWAYS_EMBED_SWIFT_STANDARD_LIBRARIES = YES;
				BUNDLE_LOADER = "$(TEST_HOST)";
				CODE_SIGN_STYLE = Automatic;
				INFOPLIST_FILE = PreworkTests/Info.plist;
				IPHONEOS_DEPLOYMENT_TARGET = 14.5;
				LD_RUNPATH_SEARCH_PATHS = (
					"$(inherited)",
					"@executable_path/Frameworks",
					"@loader_path/Frameworks",
				);
				PRODUCT_BUNDLE_IDENTIFIER = memo.com.PreworkTests;
				PRODUCT_NAME = "$(TARGET_NAME)";
				SWIFT_VERSION = 5.0;
				TARGETED_DEVICE_FAMILY = "1,2";
				TEST_HOST = "$(BUILT_PRODUCTS_DIR)/Prework.app/Prework";
			};
			name = Release;
		};
		6145A75C2799EADB007AD257 /* Debug */ = {
			isa = XCBuildConfiguration;
			buildSettings = {
				ALWAYS_EMBED_SWIFT_STANDARD_LIBRARIES = YES;
				CODE_SIGN_STYLE = Automatic;
				INFOPLIST_FILE = PreworkUITests/Info.plist;
				LD_RUNPATH_SEARCH_PATHS = (
					"$(inherited)",
					"@executable_path/Frameworks",
					"@loader_path/Frameworks",
				);
				PRODUCT_BUNDLE_IDENTIFIER = memo.com.PreworkUITests;
				PRODUCT_NAME = "$(TARGET_NAME)";
				SWIFT_VERSION = 5.0;
				TARGETED_DEVICE_FAMILY = "1,2";
				TEST_TARGET_NAME = Prework;
			};
			name = Debug;
		};
		6145A75D2799EADB007AD257 /* Release */ = {
			isa = XCBuildConfiguration;
			buildSettings = {
				ALWAYS_EMBED_SWIFT_STANDARD_LIBRARIES = YES;
				CODE_SIGN_STYLE = Automatic;
				INFOPLIST_FILE = PreworkUITests/Info.plist;
				LD_RUNPATH_SEARCH_PATHS = (
					"$(inherited)",
					"@executable_path/Frameworks",
					"@loader_path/Frameworks",
				);
				PRODUCT_BUNDLE_IDENTIFIER = memo.com.PreworkUITests;
				PRODUCT_NAME = "$(TARGET_NAME)";
				SWIFT_VERSION = 5.0;
				TARGETED_DEVICE_FAMILY = "1,2";
				TEST_TARGET_NAME = Prework;
			};
			name = Release;
		};
/* End XCBuildConfiguration section */

/* Begin XCConfigurationList section */
		6145A7262799EAD7007AD257 /* Build configuration list for PBXProject "Prework" */ = {
			isa = XCConfigurationList;
			buildConfigurations = (
				6145A7532799EADB007AD257 /* Debug */,
				6145A7542799EADB007AD257 /* Release */,
			);
			defaultConfigurationIsVisible = 0;
			defaultConfigurationName = Release;
		};
		6145A7552799EADB007AD257 /* Build configuration list for PBXNativeTarget "Prework" */ = {
			isa = XCConfigurationList;
			buildConfigurations = (
				6145A7562799EADB007AD257 /* Debug */,
				6145A7572799EADB007AD257 /* Release */,
			);
			defaultConfigurationIsVisible = 0;
			defaultConfigurationName = Release;
		};
		6145A7582799EADB007AD257 /* Build configuration list for PBXNativeTarget "PreworkTests" */ = {
			isa = XCConfigurationList;
			buildConfigurations = (
				6145A7592799EADB007AD257 /* Debug */,
				6145A75A2799EADB007AD257 /* Release */,
			);
			defaultConfigurationIsVisible = 0;
			defaultConfigurationName = Release;
		};
		6145A75B2799EADB007AD257 /* Build configuration list for PBXNativeTarget "PreworkUITests" */ = {
			isa = XCConfigurationList;
			buildConfigurations = (
				6145A75C2799EADB007AD257 /* Debug */,
				6145A75D2799EADB007AD257 /* Release */,
			);
			defaultConfigurationIsVisible = 0;
			defaultConfigurationName = Release;
		};
/* End XCConfigurationList section */
	};
	rootObject = 6145A7232799EAD7007AD257 /* Project object */;
}
